
Microsoft Visual Studio Solution File, Format Version 12.00
# Visual Studio Version 16
VisualStudioVersion = 16.0.32228.343
MinimumVisualStudioVersion = 10.0.40219.1
Project("{9A19103F-16F7-4668-BE54-9A1E7A4F7556}") = "Laboratorio5", "Laboratorio5\Laboratorio5.csproj", "{F395FA1E-F679-45C2-A230-29FF8D2D7F9C}"
EndProject
Project("{FAE04EC0-301F-11D3-BF4B-00C04F79EFBC}") = "TestProjectLaboratorio8", "TestProjectLaboratorio8\TestProjectLaboratorio8.csproj", "{8785709E-62C0-43AA-8400-FA4983DC1F31}"
EndProject
Global
	GlobalSection(SolutionConfigurationPlatforms) = preSolution
		Debug|Any CPU = Debug|Any CPU
		Release|Any CPU = Release|Any CPU
	EndGlobalSection
	GlobalSection(ProjectConfigurationPlatforms) = postSolution
		{F395FA1E-F679-45C2-A230-29FF8D2D7F9C}.Debug|Any CPU.ActiveCfg = Debug|Any CPU
		{F395FA1E-F679-45C2-A230-29FF8D2D7F9C}.Debug|Any CPU.Build.0 = Debug|Any CPU
		{F395FA1E-F679-45C2-A230-29FF8D2D7F9C}.Release|Any CPU.ActiveCfg = Release|Any CPU
		{F395FA1E-F679-45C2-A230-29FF8D2D7F9C}.Release|Any CPU.Build.0 = Release|Any CPU
		{8785709E-62C0-43AA-8400-FA4983DC1F31}.Debug|Any CPU.ActiveCfg = Debug|Any CPU
		{8785709E-62C0-43AA-8400-FA4983DC1F31}.Debug|Any CPU.Build.0 = Debug|Any CPU
		{8785709E-62C0-43AA-8400-FA4983DC1F31}.Release|Any CPU.ActiveCfg = Release|Any CPU
		{8785709E-62C0-43AA-8400-FA4983DC1F31}.Release|Any CPU.Build.0 = Release|Any CPU
	EndGlobalSection
	GlobalSection(SolutionProperties) = preSolution
		HideSolutionNode = FALSE
	EndGlobalSection
	GlobalSection(ExtensibilityGlobals) = postSolution
		SolutionGuid = {EB595EB3-35DA-4F7B-8E2C-327FDE50CE81}
	EndGlobalSection
EndGlobal
